
Microsoft Visual Studio Solution File, Format Version 11.00
# Visual Studio 2010
Project("{8BC9CEB8-8B4A-11D0-8D11-00A0C91BC942}") = "EVMServer", "EVMServer\EVMServer.vcxproj", "{95101F6E-EC0A-47C2-8246-1D67069CDFAA}"
EndProject
Global
	GlobalSection(SolutionConfigurationPlatforms) = preSolution
		Debug|Win32 = Debug|Win32
		Release|Win32 = Release|Win32
	EndGlobalSection
	GlobalSection(ProjectConfigurationPlatforms) = postSolution
		{95101F6E-EC0A-47C2-8246-1D67069CDFAA}.Debug|Win32.ActiveCfg = Debug|Win32
		{95101F6E-EC0A-47C2-8246-1D67069CDFAA}.Debug|Win32.Build.0 = Debug|Win32
		{95101F6E-EC0A-47C2-8246-1D67069CDFAA}.Release|Win32.ActiveCfg = Release|Win32
		{95101F6E-EC0A-47C2-8246-1D67069CDFAA}.Release|Win32.Build.0 = Release|Win32
	EndGlobalSection
	GlobalSection(SolutionProperties) = preSolution
		HideSolutionNode = FALSE
	EndGlobalSection
EndGlobal
